
Microsoft Visual Studio Solution File, Format Version 12.00
# Visual Studio Version 17
VisualStudioVersion = 17.9.34616.47
MinimumVisualStudioVersion = 10.0.40219.1
Project("{8BC9CEB8-8B4A-11D0-8D11-00A0C91BC942}") = "BinarySeacrh", "BinarySeacrh\BinarySeacrh.vcxproj", "{FDBE953F-DF05-4EE5-B5B8-7775E57C45AA}"
EndProject
Global
	GlobalSection(SolutionConfigurationPlatforms) = preSolution
		Debug|x64 = Debug|x64
		Debug|x86 = Debug|x86
		Release|x64 = Release|x64
		Release|x86 = Release|x86
	EndGlobalSection
	GlobalSection(ProjectConfigurationPlatforms) = postSolution
		{FDBE953F-DF05-4EE5-B5B8-7775E57C45AA}.Debug|x64.ActiveCfg = Debug|x64
		{FDBE953F-DF05-4EE5-B5B8-7775E57C45AA}.Debug|x64.Build.0 = Debug|x64
		{FDBE953F-DF05-4EE5-B5B8-7775E57C45AA}.Debug|x86.ActiveCfg = Debug|Win32
		{FDBE953F-DF05-4EE5-B5B8-7775E57C45AA}.Debug|x86.Build.0 = Debug|Win32
		{FDBE953F-DF05-4EE5-B5B8-7775E57C45AA}.Release|x64.ActiveCfg = Release|x64
		{FDBE953F-DF05-4EE5-B5B8-7775E57C45AA}.Release|x64.Build.0 = Release|x64
		{FDBE953F-DF05-4EE5-B5B8-7775E57C45AA}.Release|x86.ActiveCfg = Release|Win32
		{FDBE953F-DF05-4EE5-B5B8-7775E57C45AA}.Release|x86.Build.0 = Release|Win32
	EndGlobalSection
	GlobalSection(SolutionProperties) = preSolution
		HideSolutionNode = FALSE
	EndGlobalSection
	GlobalSection(ExtensibilityGlobals) = postSolution
		SolutionGuid = {342B7CC5-1B82-432C-A79A-F3C69C2D9A58}
	EndGlobalSection
EndGlobal
